
Microsoft Visual Studio Solution File, Format Version 12.00
# Visual Studio 15
VisualStudioVersion = 15.0.28307.136
MinimumVisualStudioVersion = 10.0.40219.1
Project("{7CF6DF6D-3B04-46F8-A40B-537D21BCA0B4}") = "Hummingbird.Doc", "Hummingbird.Documentation\Hummingbird.Doc.shfbproj", "{EADB3EE8-DB3D-4CED-9535-0320D2232708}"
EndProject
Global
	GlobalSection(SolutionConfigurationPlatforms) = preSolution
		Debug|Any CPU = Debug|Any CPU
		PRO_DEBUG|Any CPU = PRO_DEBUG|Any CPU
		PRO|Any CPU = PRO|Any CPU
		Release|Any CPU = Release|Any CPU
	EndGlobalSection
	GlobalSection(ProjectConfigurationPlatforms) = postSolution
		{EADB3EE8-DB3D-4CED-9535-0320D2232708}.Debug|Any CPU.ActiveCfg = Debug|Any CPU
		{EADB3EE8-DB3D-4CED-9535-0320D2232708}.Debug|Any CPU.Build.0 = Debug|Any CPU
		{EADB3EE8-DB3D-4CED-9535-0320D2232708}.PRO_DEBUG|Any CPU.ActiveCfg = PRO_DEBUG|Any CPU
		{EADB3EE8-DB3D-4CED-9535-0320D2232708}.PRO_DEBUG|Any CPU.Build.0 = PRO_DEBUG|Any CPU
		{EADB3EE8-DB3D-4CED-9535-0320D2232708}.PRO|Any CPU.ActiveCfg = PRO|Any CPU
		{EADB3EE8-DB3D-4CED-9535-0320D2232708}.PRO|Any CPU.Build.0 = PRO|Any CPU
		{EADB3EE8-DB3D-4CED-9535-0320D2232708}.Release|Any CPU.ActiveCfg = Release|Any CPU
		{EADB3EE8-DB3D-4CED-9535-0320D2232708}.Release|Any CPU.Build.0 = Release|Any CPU
	EndGlobalSection
	GlobalSection(SolutionProperties) = preSolution
		HideSolutionNode = FALSE
	EndGlobalSection
	GlobalSection(ExtensibilityGlobals) = postSolution
		SolutionGuid = {8224D2E8-6789-4EC6-B8DE-2FF043AEC198}
	EndGlobalSection
EndGlobal
